
Microsoft Visual Studio Solution File, Format Version 12.00
# Visual Studio Version 17
VisualStudioVersion = 17.5.33516.290
MinimumVisualStudioVersion = 10.0.40219.1
Project("{FAE04EC0-301F-11D3-BF4B-00C04F79EFBC}") = "herencia", "herencia.csproj", "{A73B78B5-F5F5-4160-B78F-6B768A575605}"
EndProject
Global
	GlobalSection(SolutionConfigurationPlatforms) = preSolution
		Debug|Any CPU = Debug|Any CPU
		Release|Any CPU = Release|Any CPU
	EndGlobalSection
	GlobalSection(ProjectConfigurationPlatforms) = postSolution
		{A73B78B5-F5F5-4160-B78F-6B768A575605}.Debug|Any CPU.ActiveCfg = Debug|Any CPU
		{A73B78B5-F5F5-4160-B78F-6B768A575605}.Debug|Any CPU.Build.0 = Debug|Any CPU
		{A73B78B5-F5F5-4160-B78F-6B768A575605}.Release|Any CPU.ActiveCfg = Release|Any CPU
		{A73B78B5-F5F5-4160-B78F-6B768A575605}.Release|Any CPU.Build.0 = Release|Any CPU
	EndGlobalSection
	GlobalSection(SolutionProperties) = preSolution
		HideSolutionNode = FALSE
	EndGlobalSection
	GlobalSection(ExtensibilityGlobals) = postSolution
		SolutionGuid = {D464A7A9-1083-47A3-B9C7-F752596A551F}
	EndGlobalSection
EndGlobal
